
Microsoft Visual Studio Solution File, Format Version 12.00
# Visual Studio Version 17
VisualStudioVersion = 17.5.002.0
MinimumVisualStudioVersion = 10.0.40219.1
Project("{9A19103F-16F7-4668-BE54-9A1E7A4F7556}") = "WPCKillerApp", "WPCKillerApp.csproj", "{348E2290-66F6-4907-B8CB-AF4294E7FAE6}"
EndProject
Global
	GlobalSection(SolutionConfigurationPlatforms) = preSolution
		Debug|Any CPU = Debug|Any CPU
		Release|Any CPU = Release|Any CPU
	EndGlobalSection
	GlobalSection(ProjectConfigurationPlatforms) = postSolution
		{348E2290-66F6-4907-B8CB-AF4294E7FAE6}.Debug|Any CPU.ActiveCfg = Debug|Any CPU
		{348E2290-66F6-4907-B8CB-AF4294E7FAE6}.Debug|Any CPU.Build.0 = Debug|Any CPU
		{348E2290-66F6-4907-B8CB-AF4294E7FAE6}.Release|Any CPU.ActiveCfg = Release|Any CPU
		{348E2290-66F6-4907-B8CB-AF4294E7FAE6}.Release|Any CPU.Build.0 = Release|Any CPU
	EndGlobalSection
	GlobalSection(SolutionProperties) = preSolution
		HideSolutionNode = FALSE
	EndGlobalSection
	GlobalSection(ExtensibilityGlobals) = postSolution
		SolutionGuid = {A7F140EB-2FE9-4815-A16A-3CD642550554}
	EndGlobalSection
EndGlobal
